
Microsoft Visual Studio Solution File, Format Version 12.00
# Visual Studio Version 17
VisualStudioVersion = 17.5.002.0
MinimumVisualStudioVersion = 10.0.40219.1
Project("{9A19103F-16F7-4668-BE54-9A1E7A4F7556}") = "FinalProject", "FinalProject\FinalProject.csproj", "{D9612585-AA7E-43A8-8975-E682804BE72F}"
EndProject
Project("{9A19103F-16F7-4668-BE54-9A1E7A4F7556}") = "Foundation1", "Foundation1\Foundation1.csproj", "{32CBCA24-313D-4375-A6B1-6192EEF43590}"
EndProject
Project("{9A19103F-16F7-4668-BE54-9A1E7A4F7556}") = "Foundation4", "Foundation4\Foundation4.csproj", "{888548D4-2F7A-4EB1-A78F-49E2D15435AA}"
EndProject
Project("{9A19103F-16F7-4668-BE54-9A1E7A4F7556}") = "Foundation3", "Foundation3\Foundation3.csproj", "{0EF21C08-DB26-4C39-B46C-8CF3111B2FD4}"
EndProject
Project("{9A19103F-16F7-4668-BE54-9A1E7A4F7556}") = "Foundation2", "Foundation2\Foundation2.csproj", "{77A20A28-A834-4487-A265-355FA0964416}"
EndProject
Global
	GlobalSection(SolutionConfigurationPlatforms) = preSolution
		Debug|Any CPU = Debug|Any CPU
		Release|Any CPU = Release|Any CPU
	EndGlobalSection
	GlobalSection(ProjectConfigurationPlatforms) = postSolution
		{D9612585-AA7E-43A8-8975-E682804BE72F}.Debug|Any CPU.ActiveCfg = Debug|Any CPU
		{D9612585-AA7E-43A8-8975-E682804BE72F}.Debug|Any CPU.Build.0 = Debug|Any CPU
		{D9612585-AA7E-43A8-8975-E682804BE72F}.Release|Any CPU.ActiveCfg = Release|Any CPU
		{D9612585-AA7E-43A8-8975-E682804BE72F}.Release|Any CPU.Build.0 = Release|Any CPU
		{32CBCA24-313D-4375-A6B1-6192EEF43590}.Debug|Any CPU.ActiveCfg = Debug|Any CPU
		{32CBCA24-313D-4375-A6B1-6192EEF43590}.Debug|Any CPU.Build.0 = Debug|Any CPU
		{32CBCA24-313D-4375-A6B1-6192EEF43590}.Release|Any CPU.ActiveCfg = Release|Any CPU
		{32CBCA24-313D-4375-A6B1-6192EEF43590}.Release|Any CPU.Build.0 = Release|Any CPU
		{888548D4-2F7A-4EB1-A78F-49E2D15435AA}.Debug|Any CPU.ActiveCfg = Debug|Any CPU
		{888548D4-2F7A-4EB1-A78F-49E2D15435AA}.Debug|Any CPU.Build.0 = Debug|Any CPU
		{888548D4-2F7A-4EB1-A78F-49E2D15435AA}.Release|Any CPU.ActiveCfg = Release|Any CPU
		{888548D4-2F7A-4EB1-A78F-49E2D15435AA}.Release|Any CPU.Build.0 = Release|Any CPU
		{0EF21C08-DB26-4C39-B46C-8CF3111B2FD4}.Debug|Any CPU.ActiveCfg = Debug|Any CPU
		{0EF21C08-DB26-4C39-B46C-8CF3111B2FD4}.Debug|Any CPU.Build.0 = Debug|Any CPU
		{0EF21C08-DB26-4C39-B46C-8CF3111B2FD4}.Release|Any CPU.ActiveCfg = Release|Any CPU
		{0EF21C08-DB26-4C39-B46C-8CF3111B2FD4}.Release|Any CPU.Build.0 = Release|Any CPU
		{77A20A28-A834-4487-A265-355FA0964416}.Debug|Any CPU.ActiveCfg = Debug|Any CPU
		{77A20A28-A834-4487-A265-355FA0964416}.Debug|Any CPU.Build.0 = Debug|Any CPU
		{77A20A28-A834-4487-A265-355FA0964416}.Release|Any CPU.ActiveCfg = Release|Any CPU
		{77A20A28-A834-4487-A265-355FA0964416}.Release|Any CPU.Build.0 = Release|Any CPU
	EndGlobalSection
	GlobalSection(SolutionProperties) = preSolution
		HideSolutionNode = FALSE
	EndGlobalSection
	GlobalSection(ExtensibilityGlobals) = postSolution
		SolutionGuid = {20657CDF-99BD-4F8C-A3F8-8A2E8801C856}
	EndGlobalSection
EndGlobal
